
Microsoft Visual Studio Solution File, Format Version 12.00
# Visual Studio Version 16
VisualStudioVersion = 16.0.31624.102
MinimumVisualStudioVersion = 10.0.40219.1
Project("{FAE04EC0-301F-11D3-BF4B-00C04F79EFBC}") = "RockScissorsPaper", "RockScissorsPaper\RockScissorsPaper.csproj", "{1A26DCDF-8A1F-4663-A502-E364710F976D}"
EndProject
Global
	GlobalSection(SolutionConfigurationPlatforms) = preSolution
		Debug|Any CPU = Debug|Any CPU
		Release|Any CPU = Release|Any CPU
	EndGlobalSection
	GlobalSection(ProjectConfigurationPlatforms) = postSolution
		{1A26DCDF-8A1F-4663-A502-E364710F976D}.Debug|Any CPU.ActiveCfg = Debug|Any CPU
		{1A26DCDF-8A1F-4663-A502-E364710F976D}.Debug|Any CPU.Build.0 = Debug|Any CPU
		{1A26DCDF-8A1F-4663-A502-E364710F976D}.Release|Any CPU.ActiveCfg = Release|Any CPU
		{1A26DCDF-8A1F-4663-A502-E364710F976D}.Release|Any CPU.Build.0 = Release|Any CPU
	EndGlobalSection
	GlobalSection(SolutionProperties) = preSolution
		HideSolutionNode = FALSE
	EndGlobalSection
	GlobalSection(ExtensibilityGlobals) = postSolution
		SolutionGuid = {46A14F38-2EFB-411E-A104-4A297280EE9E}
	EndGlobalSection
EndGlobal
